{
    "_readme": [
        "This file locks the dependencies of your project to a known state",
        "Read more about it at https://getcomposer.org/doc/01-basic-usage.md#installing-dependencies",
        "This file is @generated automatically"
    ],
    "content-hash": "5f1561f00ca7b498c633fb8e2b1cb6a8",
    "packages": [
        {
            "name": "fgrosse/phpasn1",
            "version": "v2.1.1",
            "source": {
                "type": "git",
                "url": "https://github.com/fgrosse/PHPASN1.git",
                "reference": "7ebf2a09084a7bbdb7b879c66fdf7ad80461bbe8"
            },
            "dist": {
                "type": "zip",
                "url": "https://api.github.com/repos/fgrosse/PHPASN1/zipball/7ebf2a09084a7bbdb7b879c66fdf7ad80461bbe8",
                "reference": "7ebf2a09084a7bbdb7b879c66fdf7ad80461bbe8",
                "shasum": ""
            },
            "require": {
                "php": ">=7.0.0"
            },
            "require-dev": {
                "phpunit/phpunit": "~6.3",
                "satooshi/php-coveralls": "~2.0"
            },
            "suggest": {
                "ext-gmp": "GMP is the preferred extension for big integer calculations",
                "php-curl": "For loading OID information from the web if they have not bee defined statically"
            },
            "type": "library",
            "extra": {
                "branch-alias": {
                    "dev-master": "2.0.x-dev"
                }
            },
            "autoload": {
                "psr-4": {
                    "FG\\": "lib/"
                }
            },
            "notification-url": "https://packagist.org/downloads/",
            "license": [
                "MIT"
            ],
            "authors": [
                {
                    "name": "Friedrich Große",
                    "email": "friedrich.grosse@gmail.com",
                    "homepage": "https://github.com/FGrosse",
                    "role": "Author"
                },
                {
                    "name": "All contributors",
                    "homepage": "https://github.com/FGrosse/PHPASN1/contributors"
                }
            ],
            "description": "A PHP Framework that allows you to encode and decode arbitrary ASN.1 structures using the ITU-T X.690 Encoding Rules.",
            "homepage": "https://github.com/FGrosse/PHPASN1",
            "keywords": [
                "DER",
                "asn.1",
                "asn1",
                "ber",
                "binary",
                "decoding",
                "encoding",
                "x.509",
                "x.690",
                "x509",
                "x690"
            ],
            "time": "2018-12-02T01:34:34+00:00"
        }
    ],
    "packages-dev": [],
    "aliases": [],
    "minimum-stability": "stable",
    "stability-flags": [],
    "prefer-stable": false,
    "prefer-lowest": false,
    "platform": {
        "php": "^7.4",
        "ext-ctype": "*",
        "ext-curl": "*",
        "ext-gmp": "*",
        "ext-iconv": "*",
        "ext-json": "*"
    },
    "platform-dev": [],
    "plugin-api-version": "1.1.0"
}
